
Microsoft Visual Studio Solution File, Format Version 12.00
# Visual Studio 15
VisualStudioVersion = 15.0.27004.2009
MinimumVisualStudioVersion = 10.0.40219.1
Project("{FAE04EC0-301F-11D3-BF4B-00C04F79EFBC}") = "WebApi 1", "WebApi 1\WebApi 1.csproj", "{BF3F854C-BB01-41E3-9FE0-B746D578E704}"
EndProject
Global
	GlobalSection(SolutionConfigurationPlatforms) = preSolution
		Debug|Any CPU = Debug|Any CPU
		Release|Any CPU = Release|Any CPU
	EndGlobalSection
	GlobalSection(ProjectConfigurationPlatforms) = postSolution
		{BF3F854C-BB01-41E3-9FE0-B746D578E704}.Debug|Any CPU.ActiveCfg = Debug|Any CPU
		{BF3F854C-BB01-41E3-9FE0-B746D578E704}.Debug|Any CPU.Build.0 = Debug|Any CPU
		{BF3F854C-BB01-41E3-9FE0-B746D578E704}.Release|Any CPU.ActiveCfg = Release|Any CPU
		{BF3F854C-BB01-41E3-9FE0-B746D578E704}.Release|Any CPU.Build.0 = Release|Any CPU
	EndGlobalSection
	GlobalSection(SolutionProperties) = preSolution
		HideSolutionNode = FALSE
	EndGlobalSection
	GlobalSection(ExtensibilityGlobals) = postSolution
		SolutionGuid = {038D6188-D5EA-4D2E-A16E-66C74E228F7F}
	EndGlobalSection
EndGlobal
